
Microsoft Visual Studio Solution File, Format Version 12.00
# Visual Studio Version 16
VisualStudioVersion = 16.0.31702.278
MinimumVisualStudioVersion = 10.0.40219.1
Project("{FAE04EC0-301F-11D3-BF4B-00C04F79EFBC}") = "Test1", "Test1\Test1.csproj", "{E73E151A-4B37-4157-864C-5B85147AB483}"
EndProject
Project("{FAE04EC0-301F-11D3-BF4B-00C04F79EFBC}") = "Test2", "Test2\Test2.csproj", "{47E2E993-73A9-476A-AD11-F19BCED8CC9E}"
EndProject
Global
	GlobalSection(SolutionConfigurationPlatforms) = preSolution
		Debug|Any CPU = Debug|Any CPU
		Release|Any CPU = Release|Any CPU
	EndGlobalSection
	GlobalSection(ProjectConfigurationPlatforms) = postSolution
		{E73E151A-4B37-4157-864C-5B85147AB483}.Debug|Any CPU.ActiveCfg = Debug|Any CPU
		{E73E151A-4B37-4157-864C-5B85147AB483}.Debug|Any CPU.Build.0 = Debug|Any CPU
		{E73E151A-4B37-4157-864C-5B85147AB483}.Release|Any CPU.ActiveCfg = Release|Any CPU
		{E73E151A-4B37-4157-864C-5B85147AB483}.Release|Any CPU.Build.0 = Release|Any CPU
		{47E2E993-73A9-476A-AD11-F19BCED8CC9E}.Debug|Any CPU.ActiveCfg = Debug|Any CPU
		{47E2E993-73A9-476A-AD11-F19BCED8CC9E}.Debug|Any CPU.Build.0 = Debug|Any CPU
		{47E2E993-73A9-476A-AD11-F19BCED8CC9E}.Release|Any CPU.ActiveCfg = Release|Any CPU
		{47E2E993-73A9-476A-AD11-F19BCED8CC9E}.Release|Any CPU.Build.0 = Release|Any CPU
	EndGlobalSection
	GlobalSection(SolutionProperties) = preSolution
		HideSolutionNode = FALSE
	EndGlobalSection
	GlobalSection(ExtensibilityGlobals) = postSolution
		SolutionGuid = {31113751-B42A-4D5E-B346-1E7281D984F9}
	EndGlobalSection
EndGlobal
